
Microsoft Visual Studio Solution File, Format Version 12.00
# Visual Studio Version 17
VisualStudioVersion = 17.3.32819.101
MinimumVisualStudioVersion = 10.0.40219.1
Project("{FAE04EC0-301F-11D3-BF4B-00C04F79EFBC}") = "LinqCode", "LinqCode\LinqCode.csproj", "{978CA47E-9593-4E3D-9EDB-EC4ABEAADFEB}"
EndProject
Global
	GlobalSection(SolutionConfigurationPlatforms) = preSolution
		Debug|Any CPU = Debug|Any CPU
		Release|Any CPU = Release|Any CPU
	EndGlobalSection
	GlobalSection(ProjectConfigurationPlatforms) = postSolution
		{978CA47E-9593-4E3D-9EDB-EC4ABEAADFEB}.Debug|Any CPU.ActiveCfg = Debug|Any CPU
		{978CA47E-9593-4E3D-9EDB-EC4ABEAADFEB}.Debug|Any CPU.Build.0 = Debug|Any CPU
		{978CA47E-9593-4E3D-9EDB-EC4ABEAADFEB}.Release|Any CPU.ActiveCfg = Release|Any CPU
		{978CA47E-9593-4E3D-9EDB-EC4ABEAADFEB}.Release|Any CPU.Build.0 = Release|Any CPU
	EndGlobalSection
	GlobalSection(SolutionProperties) = preSolution
		HideSolutionNode = FALSE
	EndGlobalSection
	GlobalSection(ExtensibilityGlobals) = postSolution
		SolutionGuid = {80997108-1680-4555-AE80-435925D6F297}
	EndGlobalSection
EndGlobal
